{
  "name": "ex-5",
  "version": "1.0.0",
  "lockfileVersion": 3,
  "requires": true,
  "packages": {
    "": {
      "name": "ex-5",
      "version": "1.0.0",
      "license": "ISC",
      "dependencies": {
        "modulejs": "github:Ananth04/jssection6ex5"
      }
    },
    "node_modules/modulejs": {
      "version": "1.0.0",
      "resolved": "git+ssh://git@github.com/Ananth04/jssection6ex5.git#21fb94f376fc203aa82f366eb7aa55e53664e6b7",
      "license": "ISC"
    }
  }
}
